
Microsoft Visual Studio Solution File, Format Version 12.00
# Visual Studio Version 17
VisualStudioVersion = 17.11.35327.3
MinimumVisualStudioVersion = 10.0.40219.1
Project("{9A19103F-16F7-4668-BE54-9A1E7A4F7556}") = "ShopAPI", "ShopAPI\ShopAPI.csproj", "{49276BB5-D311-4191-8650-971283627BD4}"
EndProject
Project("{9A19103F-16F7-4668-BE54-9A1E7A4F7556}") = "Logic", "Logic\Logic.csproj", "{E2BF207B-E08F-4646-B21D-2C847527D893}"
EndProject
Project("{9A19103F-16F7-4668-BE54-9A1E7A4F7556}") = "DAL", "DAL\DAL.csproj", "{6BE599B7-44F5-4B9B-BA44-D6F1D7B62307}"
EndProject
Project("{FAE04EC0-301F-11D3-BF4B-00C04F79EFBC}") = "UnitTests", "Unit tests\UnitTests.csproj", "{1FD804D1-BC71-45D4-BCAC-1FD2ED838FD5}"
EndProject
Global
	GlobalSection(SolutionConfigurationPlatforms) = preSolution
		Debug|Any CPU = Debug|Any CPU
		Release|Any CPU = Release|Any CPU
	EndGlobalSection
	GlobalSection(ProjectConfigurationPlatforms) = postSolution
		{49276BB5-D311-4191-8650-971283627BD4}.Debug|Any CPU.ActiveCfg = Debug|Any CPU
		{49276BB5-D311-4191-8650-971283627BD4}.Debug|Any CPU.Build.0 = Debug|Any CPU
		{49276BB5-D311-4191-8650-971283627BD4}.Release|Any CPU.ActiveCfg = Release|Any CPU
		{49276BB5-D311-4191-8650-971283627BD4}.Release|Any CPU.Build.0 = Release|Any CPU
		{E2BF207B-E08F-4646-B21D-2C847527D893}.Debug|Any CPU.ActiveCfg = Debug|Any CPU
		{E2BF207B-E08F-4646-B21D-2C847527D893}.Debug|Any CPU.Build.0 = Debug|Any CPU
		{E2BF207B-E08F-4646-B21D-2C847527D893}.Release|Any CPU.ActiveCfg = Release|Any CPU
		{E2BF207B-E08F-4646-B21D-2C847527D893}.Release|Any CPU.Build.0 = Release|Any CPU
		{6BE599B7-44F5-4B9B-BA44-D6F1D7B62307}.Debug|Any CPU.ActiveCfg = Debug|Any CPU
		{6BE599B7-44F5-4B9B-BA44-D6F1D7B62307}.Debug|Any CPU.Build.0 = Debug|Any CPU
		{6BE599B7-44F5-4B9B-BA44-D6F1D7B62307}.Release|Any CPU.ActiveCfg = Release|Any CPU
		{6BE599B7-44F5-4B9B-BA44-D6F1D7B62307}.Release|Any CPU.Build.0 = Release|Any CPU
		{1FD804D1-BC71-45D4-BCAC-1FD2ED838FD5}.Debug|Any CPU.ActiveCfg = Debug|Any CPU
		{1FD804D1-BC71-45D4-BCAC-1FD2ED838FD5}.Debug|Any CPU.Build.0 = Debug|Any CPU
		{1FD804D1-BC71-45D4-BCAC-1FD2ED838FD5}.Release|Any CPU.ActiveCfg = Release|Any CPU
		{1FD804D1-BC71-45D4-BCAC-1FD2ED838FD5}.Release|Any CPU.Build.0 = Release|Any CPU
	EndGlobalSection
	GlobalSection(SolutionProperties) = preSolution
		HideSolutionNode = FALSE
	EndGlobalSection
	GlobalSection(ExtensibilityGlobals) = postSolution
		SolutionGuid = {55660177-73DF-4944-A624-139020E0F0BB}
	EndGlobalSection
EndGlobal
